
Microsoft Visual Studio Solution File, Format Version 12.00
# Visual Studio 15
VisualStudioVersion = 15.0.27130.2010
MinimumVisualStudioVersion = 10.0.40219.1
Project("{2150E333-8FDC-42A3-9474-1A3956D46DE8}") = "Socket", "Socket", "{C23B6064-06EC-4CD4-8498-8D9BCB9709B4}"
EndProject
Project("{FAE04EC0-301F-11D3-BF4B-00C04F79EFBC}") = "SocketThreadBase.Client", "SocketRPC.Client\SocketThreadBase.Client.csproj", "{5BC4D37E-2D1E-461F-B5A1-86767AF31FAD}"
EndProject
Project("{FAE04EC0-301F-11D3-BF4B-00C04F79EFBC}") = "SocketThreadBase.Server", "SocketRPC.Server\SocketThreadBase.Server.csproj", "{D8794EB5-5809-4FE7-8F9A-8A0888921624}"
EndProject
Project("{2150E333-8FDC-42A3-9474-1A3956D46DE8}") = "异步与多线程", "异步与多线程", "{622DA704-F015-41BB-AE08-BA5EA78EDA45}"
EndProject
Project("{FAE04EC0-301F-11D3-BF4B-00C04F79EFBC}") = "AsyncAndThreading", "AsyncAndThreading\AsyncAndThreading.csproj", "{CD96FA02-DC3B-4C70-817F-2D44D7D4D782}"
EndProject
Project("{2150E333-8FDC-42A3-9474-1A3956D46DE8}") = "IO相关", "IO相关", "{01205E23-845D-41DF-B7BD-0F9099B5589E}"
EndProject
Project("{FAE04EC0-301F-11D3-BF4B-00C04F79EFBC}") = "FileAndFolder", "FileAndFolder\FileAndFolder.csproj", "{74B7F1CF-EE2F-4788-8650-B117B5D04302}"
EndProject
Project("{2150E333-8FDC-42A3-9474-1A3956D46DE8}") = "基础与进阶", "基础与进阶", "{8EBEAE06-D18A-47EC-B247-6649F78F3626}"
EndProject
Project("{FAE04EC0-301F-11D3-BF4B-00C04F79EFBC}") = "ConsoleApplication1", "ConsoleApplication1\ConsoleApplication1.csproj", "{FD225984-8E32-44B9-BD6E-360435BE7826}"
EndProject
Project("{FAE04EC0-301F-11D3-BF4B-00C04F79EFBC}") = "ClassLibrary1", "ClassLibrary1\ClassLibrary1.csproj", "{43C240A7-7C08-4D6B-8A5C-0E72820A4A50}"
EndProject
Project("{FAE04EC0-301F-11D3-BF4B-00C04F79EFBC}") = "SerAndDeSer", "SerAndDeSer\SerAndDeSer.csproj", "{5A570EA3-0D7C-4E01-910B-B4A6DDE51BB6}"
EndProject
Project("{2150E333-8FDC-42A3-9474-1A3956D46DE8}") = "序列化反序列化", "序列化反序列化", "{CF7F9E6B-CA7B-48ED-8238-85096174DF83}"
EndProject
Project("{2150E333-8FDC-42A3-9474-1A3956D46DE8}") = "文件系统", "文件系统", "{1D3924F8-6066-4056-ACD1-1B91FD9C537B}"
EndProject
Project("{2150E333-8FDC-42A3-9474-1A3956D46DE8}") = "IOC相关", "IOC相关", "{9E56CA9C-7863-4ABB-ABCD-AB6F66620D4A}"
EndProject
Project("{FAE04EC0-301F-11D3-BF4B-00C04F79EFBC}") = "SocketSAEA.Server", "SocketIOCPService\SocketSAEA.Server.csproj", "{40F99FEF-1EA0-43C1-B1B0-DDF628936069}"
EndProject
Project("{FAE04EC0-301F-11D3-BF4B-00C04F79EFBC}") = "HungryUtil", "HungryUtil\HungryUtil.csproj", "{51612BD9-5142-4AE0-9E91-65022A2E3A60}"
EndProject
Project("{FAE04EC0-301F-11D3-BF4B-00C04F79EFBC}") = "SocketSAEA.Client", "SocketIOCPService.Client\SocketSAEA.Client.csproj", "{7760A233-BE65-4D4A-AF6E-EB23F7355721}"
EndProject
Project("{FAE04EC0-301F-11D3-BF4B-00C04F79EFBC}") = "SocketAPM.Server", "SocketAPM.Server\SocketAPM.Server.csproj", "{2DE7671B-0AFF-403B-AF67-0983D05B828D}"
EndProject
Project("{2150E333-8FDC-42A3-9474-1A3956D46DE8}") = "APM", "APM", "{A1F92BAD-37D3-4195-9CBB-EF12C8375BF2}"
EndProject
Project("{2150E333-8FDC-42A3-9474-1A3956D46DE8}") = "EAP", "EAP", "{6030CDC0-2CA0-49F2-B118-12DB7DD52AC1}"
EndProject
Project("{2150E333-8FDC-42A3-9474-1A3956D46DE8}") = "TAP", "TAP", "{81529CC5-CFC6-44E7-B321-F776A007C7F5}"
EndProject
Project("{2150E333-8FDC-42A3-9474-1A3956D46DE8}") = "RIO", "RIO", "{1575A53B-CE8D-4F7B-80BE-F9FD68146F8F}"
EndProject
Project("{9A19103F-16F7-4668-BE54-9A1E7A4F7556}") = "Grace", "Grace\Grace\Grace.csproj", "{AEC0BBBC-C300-4D46-8486-EAE44639B77A}"
EndProject
Project("{9A19103F-16F7-4668-BE54-9A1E7A4F7556}") = "Grace.Dynamic", "Grace\Grace.Dynamic\Grace.Dynamic.csproj", "{3ACA4E5D-64F3-4669-9F17-D759ED2C8193}"
EndProject
Project("{9A19103F-16F7-4668-BE54-9A1E7A4F7556}") = "Grace.Factory", "Grace\Grace.Factory\Grace.Factory.csproj", "{D9AA0C93-5700-43C6-9ED1-00D1F7B088C1}"
EndProject
Project("{2150E333-8FDC-42A3-9474-1A3956D46DE8}") = "Grace", "Grace", "{F7196B4E-B8B3-4787-A805-FE4B8F4B04D3}"
	ProjectSection(SolutionItems) = preProject
		Grace\Grace.snk = Grace\Grace.snk
	EndProjectSection
EndProject
Project("{2150E333-8FDC-42A3-9474-1A3956D46DE8}") = "AspNetCore", "AspNetCore", "{2D6FAE73-3125-43D3-9BC9-DAF18F9EDB51}"
	ProjectSection(SolutionItems) = preProject
		Grace\AspNetCore\Grace.snk = Grace\AspNetCore\Grace.snk
	EndProjectSection
EndProject
Project("{9A19103F-16F7-4668-BE54-9A1E7A4F7556}") = "Grace.AspNetCore.Hosting", "Grace\AspNetCore\Grace.AspNetCore.Hosting\Grace.AspNetCore.Hosting.csproj", "{EF9BAF98-1696-440B-B9A6-518A0DC6F41B}"
EndProject
Project("{9A19103F-16F7-4668-BE54-9A1E7A4F7556}") = "Grace.AspNetCore.MVC", "Grace\AspNetCore\Grace.AspNetCore.MVC\Grace.AspNetCore.MVC.csproj", "{B4CAA73E-E2DD-4E42-8FE0-9015C77B0BEA}"
EndProject
Project("{9A19103F-16F7-4668-BE54-9A1E7A4F7556}") = "Grace.DependencyInjection.Extensions", "Grace\AspNetCore\Grace.DependencyInjection.Extensions\Grace.DependencyInjection.Extensions.csproj", "{76E08626-5C6B-4A4A-8053-428AB6A2A51C}"
EndProject
Project("{FAE04EC0-301F-11D3-BF4B-00C04F79EFBC}") = "IOCFramework.Dao", "IOCFramework.Dao\IOCFramework.Dao.csproj", "{88924088-DEC5-4641-89AF-D584C4E34A10}"
EndProject
Project("{FAE04EC0-301F-11D3-BF4B-00C04F79EFBC}") = "IOCFramework.Demo", "IOCFramework.Demo\IOCFramework.Demo.csproj", "{B988252A-8F52-416A-9BD6-BFDE47501473}"
EndProject
Project("{FAE04EC0-301F-11D3-BF4B-00C04F79EFBC}") = "WebMvcApplicationUseGrace", "WebMvcApplicationUseGrace\WebMvcApplicationUseGrace.csproj", "{CCE55985-0B00-4895-B5E6-0EA366D1D7BC}"
EndProject
Project("{9A19103F-16F7-4668-BE54-9A1E7A4F7556}") = "WebCoreApplicationUseGrace", "WebCoreApplicationUseGrace\WebCoreApplicationUseGrace.csproj", "{F47159C8-FA59-4814-89FF-958C88C58675}"
EndProject
Project("{2150E333-8FDC-42A3-9474-1A3956D46DE8}") = "AspNetMvc", "AspNetMvc", "{559C11D9-4D90-4EF0-854F-BD6DDD66A49A}"
EndProject
Project("{9A19103F-16F7-4668-BE54-9A1E7A4F7556}") = "Grace.MVC5", "Grace\AspNetMvc\Grace.MVC5\Grace.MVC5.csproj", "{9FC82F2A-DBB4-4D88-A8D5-CCE5FFE92614}"
EndProject
Project("{2150E333-8FDC-42A3-9474-1A3956D46DE8}") = "设计模式", "设计模式", "{A29C2720-36B9-4B54-B316-6A0087DFD119}"
EndProject
Project("{FAE04EC0-301F-11D3-BF4B-00C04F79EFBC}") = "ConsoleApp1", "ConsoleApp1\ConsoleApp1.csproj", "{940C09D0-FA47-4FAF-92F5-BE1F35E7BBA2}"
EndProject
Global
	GlobalSection(SolutionConfigurationPlatforms) = preSolution
		Debug|Any CPU = Debug|Any CPU
		Release|Any CPU = Release|Any CPU
	EndGlobalSection
	GlobalSection(ProjectConfigurationPlatforms) = postSolution
		{5BC4D37E-2D1E-461F-B5A1-86767AF31FAD}.Debug|Any CPU.ActiveCfg = Debug|Any CPU
		{5BC4D37E-2D1E-461F-B5A1-86767AF31FAD}.Debug|Any CPU.Build.0 = Debug|Any CPU
		{5BC4D37E-2D1E-461F-B5A1-86767AF31FAD}.Release|Any CPU.ActiveCfg = Release|Any CPU
		{5BC4D37E-2D1E-461F-B5A1-86767AF31FAD}.Release|Any CPU.Build.0 = Release|Any CPU
		{D8794EB5-5809-4FE7-8F9A-8A0888921624}.Debug|Any CPU.ActiveCfg = Debug|Any CPU
		{D8794EB5-5809-4FE7-8F9A-8A0888921624}.Debug|Any CPU.Build.0 = Debug|Any CPU
		{D8794EB5-5809-4FE7-8F9A-8A0888921624}.Release|Any CPU.ActiveCfg = Release|Any CPU
		{D8794EB5-5809-4FE7-8F9A-8A0888921624}.Release|Any CPU.Build.0 = Release|Any CPU
		{CD96FA02-DC3B-4C70-817F-2D44D7D4D782}.Debug|Any CPU.ActiveCfg = Debug|Any CPU
		{CD96FA02-DC3B-4C70-817F-2D44D7D4D782}.Debug|Any CPU.Build.0 = Debug|Any CPU
		{CD96FA02-DC3B-4C70-817F-2D44D7D4D782}.Release|Any CPU.ActiveCfg = Release|Any CPU
		{CD96FA02-DC3B-4C70-817F-2D44D7D4D782}.Release|Any CPU.Build.0 = Release|Any CPU
		{74B7F1CF-EE2F-4788-8650-B117B5D04302}.Debug|Any CPU.ActiveCfg = Debug|Any CPU
		{74B7F1CF-EE2F-4788-8650-B117B5D04302}.Debug|Any CPU.Build.0 = Debug|Any CPU
		{74B7F1CF-EE2F-4788-8650-B117B5D04302}.Release|Any CPU.ActiveCfg = Release|Any CPU
		{74B7F1CF-EE2F-4788-8650-B117B5D04302}.Release|Any CPU.Build.0 = Release|Any CPU
		{FD225984-8E32-44B9-BD6E-360435BE7826}.Debug|Any CPU.ActiveCfg = Debug|Any CPU
		{FD225984-8E32-44B9-BD6E-360435BE7826}.Debug|Any CPU.Build.0 = Debug|Any CPU
		{FD225984-8E32-44B9-BD6E-360435BE7826}.Release|Any CPU.ActiveCfg = Release|Any CPU
		{FD225984-8E32-44B9-BD6E-360435BE7826}.Release|Any CPU.Build.0 = Release|Any CPU
		{43C240A7-7C08-4D6B-8A5C-0E72820A4A50}.Debug|Any CPU.ActiveCfg = Debug|Any CPU
		{43C240A7-7C08-4D6B-8A5C-0E72820A4A50}.Debug|Any CPU.Build.0 = Debug|Any CPU
		{43C240A7-7C08-4D6B-8A5C-0E72820A4A50}.Release|Any CPU.ActiveCfg = Release|Any CPU
		{43C240A7-7C08-4D6B-8A5C-0E72820A4A50}.Release|Any CPU.Build.0 = Release|Any CPU
		{5A570EA3-0D7C-4E01-910B-B4A6DDE51BB6}.Debug|Any CPU.ActiveCfg = Debug|Any CPU
		{5A570EA3-0D7C-4E01-910B-B4A6DDE51BB6}.Debug|Any CPU.Build.0 = Debug|Any CPU
		{5A570EA3-0D7C-4E01-910B-B4A6DDE51BB6}.Release|Any CPU.ActiveCfg = Release|Any CPU
		{5A570EA3-0D7C-4E01-910B-B4A6DDE51BB6}.Release|Any CPU.Build.0 = Release|Any CPU
		{40F99FEF-1EA0-43C1-B1B0-DDF628936069}.Debug|Any CPU.ActiveCfg = Debug|Any CPU
		{40F99FEF-1EA0-43C1-B1B0-DDF628936069}.Debug|Any CPU.Build.0 = Debug|Any CPU
		{40F99FEF-1EA0-43C1-B1B0-DDF628936069}.Release|Any CPU.ActiveCfg = Release|Any CPU
		{40F99FEF-1EA0-43C1-B1B0-DDF628936069}.Release|Any CPU.Build.0 = Release|Any CPU
		{51612BD9-5142-4AE0-9E91-65022A2E3A60}.Debug|Any CPU.ActiveCfg = Debug|Any CPU
		{51612BD9-5142-4AE0-9E91-65022A2E3A60}.Debug|Any CPU.Build.0 = Debug|Any CPU
		{51612BD9-5142-4AE0-9E91-65022A2E3A60}.Release|Any CPU.ActiveCfg = Release|Any CPU
		{51612BD9-5142-4AE0-9E91-65022A2E3A60}.Release|Any CPU.Build.0 = Release|Any CPU
		{7760A233-BE65-4D4A-AF6E-EB23F7355721}.Debug|Any CPU.ActiveCfg = Debug|Any CPU
		{7760A233-BE65-4D4A-AF6E-EB23F7355721}.Debug|Any CPU.Build.0 = Debug|Any CPU
		{7760A233-BE65-4D4A-AF6E-EB23F7355721}.Release|Any CPU.ActiveCfg = Release|Any CPU
		{7760A233-BE65-4D4A-AF6E-EB23F7355721}.Release|Any CPU.Build.0 = Release|Any CPU
		{2DE7671B-0AFF-403B-AF67-0983D05B828D}.Debug|Any CPU.ActiveCfg = Debug|Any CPU
		{2DE7671B-0AFF-403B-AF67-0983D05B828D}.Debug|Any CPU.Build.0 = Debug|Any CPU
		{2DE7671B-0AFF-403B-AF67-0983D05B828D}.Release|Any CPU.ActiveCfg = Release|Any CPU
		{2DE7671B-0AFF-403B-AF67-0983D05B828D}.Release|Any CPU.Build.0 = Release|Any CPU
		{AEC0BBBC-C300-4D46-8486-EAE44639B77A}.Debug|Any CPU.ActiveCfg = Debug|Any CPU
		{AEC0BBBC-C300-4D46-8486-EAE44639B77A}.Debug|Any CPU.Build.0 = Debug|Any CPU
		{AEC0BBBC-C300-4D46-8486-EAE44639B77A}.Release|Any CPU.ActiveCfg = Release|Any CPU
		{AEC0BBBC-C300-4D46-8486-EAE44639B77A}.Release|Any CPU.Build.0 = Release|Any CPU
		{3ACA4E5D-64F3-4669-9F17-D759ED2C8193}.Debug|Any CPU.ActiveCfg = Debug|Any CPU
		{3ACA4E5D-64F3-4669-9F17-D759ED2C8193}.Debug|Any CPU.Build.0 = Debug|Any CPU
		{3ACA4E5D-64F3-4669-9F17-D759ED2C8193}.Release|Any CPU.ActiveCfg = Release|Any CPU
		{3ACA4E5D-64F3-4669-9F17-D759ED2C8193}.Release|Any CPU.Build.0 = Release|Any CPU
		{D9AA0C93-5700-43C6-9ED1-00D1F7B088C1}.Debug|Any CPU.ActiveCfg = Debug|Any CPU
		{D9AA0C93-5700-43C6-9ED1-00D1F7B088C1}.Debug|Any CPU.Build.0 = Debug|Any CPU
		{D9AA0C93-5700-43C6-9ED1-00D1F7B088C1}.Release|Any CPU.ActiveCfg = Release|Any CPU
		{D9AA0C93-5700-43C6-9ED1-00D1F7B088C1}.Release|Any CPU.Build.0 = Release|Any CPU
		{EF9BAF98-1696-440B-B9A6-518A0DC6F41B}.Debug|Any CPU.ActiveCfg = Debug|Any CPU
		{EF9BAF98-1696-440B-B9A6-518A0DC6F41B}.Debug|Any CPU.Build.0 = Debug|Any CPU
		{EF9BAF98-1696-440B-B9A6-518A0DC6F41B}.Release|Any CPU.ActiveCfg = Release|Any CPU
		{EF9BAF98-1696-440B-B9A6-518A0DC6F41B}.Release|Any CPU.Build.0 = Release|Any CPU
		{B4CAA73E-E2DD-4E42-8FE0-9015C77B0BEA}.Debug|Any CPU.ActiveCfg = Debug|Any CPU
		{B4CAA73E-E2DD-4E42-8FE0-9015C77B0BEA}.Debug|Any CPU.Build.0 = Debug|Any CPU
		{B4CAA73E-E2DD-4E42-8FE0-9015C77B0BEA}.Release|Any CPU.ActiveCfg = Release|Any CPU
		{B4CAA73E-E2DD-4E42-8FE0-9015C77B0BEA}.Release|Any CPU.Build.0 = Release|Any CPU
		{76E08626-5C6B-4A4A-8053-428AB6A2A51C}.Debug|Any CPU.ActiveCfg = Debug|Any CPU
		{76E08626-5C6B-4A4A-8053-428AB6A2A51C}.Debug|Any CPU.Build.0 = Debug|Any CPU
		{76E08626-5C6B-4A4A-8053-428AB6A2A51C}.Release|Any CPU.ActiveCfg = Release|Any CPU
		{76E08626-5C6B-4A4A-8053-428AB6A2A51C}.Release|Any CPU.Build.0 = Release|Any CPU
		{88924088-DEC5-4641-89AF-D584C4E34A10}.Debug|Any CPU.ActiveCfg = Debug|Any CPU
		{88924088-DEC5-4641-89AF-D584C4E34A10}.Debug|Any CPU.Build.0 = Debug|Any CPU
		{88924088-DEC5-4641-89AF-D584C4E34A10}.Release|Any CPU.ActiveCfg = Release|Any CPU
		{88924088-DEC5-4641-89AF-D584C4E34A10}.Release|Any CPU.Build.0 = Release|Any CPU
		{B988252A-8F52-416A-9BD6-BFDE47501473}.Debug|Any CPU.ActiveCfg = Debug|Any CPU
		{B988252A-8F52-416A-9BD6-BFDE47501473}.Debug|Any CPU.Build.0 = Debug|Any CPU
		{B988252A-8F52-416A-9BD6-BFDE47501473}.Release|Any CPU.ActiveCfg = Release|Any CPU
		{B988252A-8F52-416A-9BD6-BFDE47501473}.Release|Any CPU.Build.0 = Release|Any CPU
		{CCE55985-0B00-4895-B5E6-0EA366D1D7BC}.Debug|Any CPU.ActiveCfg = Debug|Any CPU
		{CCE55985-0B00-4895-B5E6-0EA366D1D7BC}.Debug|Any CPU.Build.0 = Debug|Any CPU
		{CCE55985-0B00-4895-B5E6-0EA366D1D7BC}.Release|Any CPU.ActiveCfg = Release|Any CPU
		{CCE55985-0B00-4895-B5E6-0EA366D1D7BC}.Release|Any CPU.Build.0 = Release|Any CPU
		{F47159C8-FA59-4814-89FF-958C88C58675}.Debug|Any CPU.ActiveCfg = Debug|Any CPU
		{F47159C8-FA59-4814-89FF-958C88C58675}.Debug|Any CPU.Build.0 = Debug|Any CPU
		{F47159C8-FA59-4814-89FF-958C88C58675}.Release|Any CPU.ActiveCfg = Release|Any CPU
		{F47159C8-FA59-4814-89FF-958C88C58675}.Release|Any CPU.Build.0 = Release|Any CPU
		{9FC82F2A-DBB4-4D88-A8D5-CCE5FFE92614}.Debug|Any CPU.ActiveCfg = Debug|Any CPU
		{9FC82F2A-DBB4-4D88-A8D5-CCE5FFE92614}.Debug|Any CPU.Build.0 = Debug|Any CPU
		{9FC82F2A-DBB4-4D88-A8D5-CCE5FFE92614}.Release|Any CPU.ActiveCfg = Release|Any CPU
		{9FC82F2A-DBB4-4D88-A8D5-CCE5FFE92614}.Release|Any CPU.Build.0 = Release|Any CPU
		{940C09D0-FA47-4FAF-92F5-BE1F35E7BBA2}.Debug|Any CPU.ActiveCfg = Debug|Any CPU
		{940C09D0-FA47-4FAF-92F5-BE1F35E7BBA2}.Debug|Any CPU.Build.0 = Debug|Any CPU
		{940C09D0-FA47-4FAF-92F5-BE1F35E7BBA2}.Release|Any CPU.ActiveCfg = Release|Any CPU
		{940C09D0-FA47-4FAF-92F5-BE1F35E7BBA2}.Release|Any CPU.Build.0 = Release|Any CPU
	EndGlobalSection
	GlobalSection(SolutionProperties) = preSolution
		HideSolutionNode = FALSE
	EndGlobalSection
	GlobalSection(NestedProjects) = preSolution
		{5BC4D37E-2D1E-461F-B5A1-86767AF31FAD} = {C23B6064-06EC-4CD4-8498-8D9BCB9709B4}
		{D8794EB5-5809-4FE7-8F9A-8A0888921624} = {C23B6064-06EC-4CD4-8498-8D9BCB9709B4}
		{CD96FA02-DC3B-4C70-817F-2D44D7D4D782} = {622DA704-F015-41BB-AE08-BA5EA78EDA45}
		{74B7F1CF-EE2F-4788-8650-B117B5D04302} = {1D3924F8-6066-4056-ACD1-1B91FD9C537B}
		{FD225984-8E32-44B9-BD6E-360435BE7826} = {8EBEAE06-D18A-47EC-B247-6649F78F3626}
		{43C240A7-7C08-4D6B-8A5C-0E72820A4A50} = {8EBEAE06-D18A-47EC-B247-6649F78F3626}
		{5A570EA3-0D7C-4E01-910B-B4A6DDE51BB6} = {CF7F9E6B-CA7B-48ED-8238-85096174DF83}
		{CF7F9E6B-CA7B-48ED-8238-85096174DF83} = {01205E23-845D-41DF-B7BD-0F9099B5589E}
		{1D3924F8-6066-4056-ACD1-1B91FD9C537B} = {01205E23-845D-41DF-B7BD-0F9099B5589E}
		{40F99FEF-1EA0-43C1-B1B0-DDF628936069} = {6030CDC0-2CA0-49F2-B118-12DB7DD52AC1}
		{7760A233-BE65-4D4A-AF6E-EB23F7355721} = {6030CDC0-2CA0-49F2-B118-12DB7DD52AC1}
		{2DE7671B-0AFF-403B-AF67-0983D05B828D} = {A1F92BAD-37D3-4195-9CBB-EF12C8375BF2}
		{A1F92BAD-37D3-4195-9CBB-EF12C8375BF2} = {C23B6064-06EC-4CD4-8498-8D9BCB9709B4}
		{6030CDC0-2CA0-49F2-B118-12DB7DD52AC1} = {C23B6064-06EC-4CD4-8498-8D9BCB9709B4}
		{81529CC5-CFC6-44E7-B321-F776A007C7F5} = {C23B6064-06EC-4CD4-8498-8D9BCB9709B4}
		{1575A53B-CE8D-4F7B-80BE-F9FD68146F8F} = {C23B6064-06EC-4CD4-8498-8D9BCB9709B4}
		{AEC0BBBC-C300-4D46-8486-EAE44639B77A} = {F7196B4E-B8B3-4787-A805-FE4B8F4B04D3}
		{3ACA4E5D-64F3-4669-9F17-D759ED2C8193} = {F7196B4E-B8B3-4787-A805-FE4B8F4B04D3}
		{D9AA0C93-5700-43C6-9ED1-00D1F7B088C1} = {F7196B4E-B8B3-4787-A805-FE4B8F4B04D3}
		{2D6FAE73-3125-43D3-9BC9-DAF18F9EDB51} = {F7196B4E-B8B3-4787-A805-FE4B8F4B04D3}
		{EF9BAF98-1696-440B-B9A6-518A0DC6F41B} = {2D6FAE73-3125-43D3-9BC9-DAF18F9EDB51}
		{B4CAA73E-E2DD-4E42-8FE0-9015C77B0BEA} = {2D6FAE73-3125-43D3-9BC9-DAF18F9EDB51}
		{76E08626-5C6B-4A4A-8053-428AB6A2A51C} = {2D6FAE73-3125-43D3-9BC9-DAF18F9EDB51}
		{88924088-DEC5-4641-89AF-D584C4E34A10} = {9E56CA9C-7863-4ABB-ABCD-AB6F66620D4A}
		{B988252A-8F52-416A-9BD6-BFDE47501473} = {9E56CA9C-7863-4ABB-ABCD-AB6F66620D4A}
		{CCE55985-0B00-4895-B5E6-0EA366D1D7BC} = {9E56CA9C-7863-4ABB-ABCD-AB6F66620D4A}
		{F47159C8-FA59-4814-89FF-958C88C58675} = {9E56CA9C-7863-4ABB-ABCD-AB6F66620D4A}
		{559C11D9-4D90-4EF0-854F-BD6DDD66A49A} = {F7196B4E-B8B3-4787-A805-FE4B8F4B04D3}
		{9FC82F2A-DBB4-4D88-A8D5-CCE5FFE92614} = {559C11D9-4D90-4EF0-854F-BD6DDD66A49A}
		{940C09D0-FA47-4FAF-92F5-BE1F35E7BBA2} = {A29C2720-36B9-4B54-B316-6A0087DFD119}
	EndGlobalSection
	GlobalSection(ExtensibilityGlobals) = postSolution
		SolutionGuid = {5CFEE2EE-95C5-409D-AF8D-281BEC811E6B}
	EndGlobalSection
EndGlobal
