
Microsoft Visual Studio Solution File, Format Version 12.00
# Visual Studio 15
VisualStudioVersion = 15.0.27130.2010
MinimumVisualStudioVersion = 10.0.40219.1
Project("{2150E333-8FDC-42A3-9474-1A3956D46DE8}") = "Socket", "Socket", "{C23B6064-06EC-4CD4-8498-8D9BCB9709B4}"
EndProject
Project("{FAE04EC0-301F-11D3-BF4B-00C04F79EFBC}") = "SocketRPC.Client", "SocketRPC.Client\SocketRPC.Client.csproj", "{5BC4D37E-2D1E-461F-B5A1-86767AF31FAD}"
EndProject
Project("{FAE04EC0-301F-11D3-BF4B-00C04F79EFBC}") = "SocketRPC.Server", "SocketRPC.Server\SocketRPC.Server.csproj", "{D8794EB5-5809-4FE7-8F9A-8A0888921624}"
EndProject
Project("{2150E333-8FDC-42A3-9474-1A3956D46DE8}") = "异步与多线程", "异步与多线程", "{622DA704-F015-41BB-AE08-BA5EA78EDA45}"
EndProject
Project("{FAE04EC0-301F-11D3-BF4B-00C04F79EFBC}") = "AsyncAndThreading", "AsyncAndThreading\AsyncAndThreading.csproj", "{CD96FA02-DC3B-4C70-817F-2D44D7D4D782}"
EndProject
Project("{2150E333-8FDC-42A3-9474-1A3956D46DE8}") = "IO相关", "IO相关", "{01205E23-845D-41DF-B7BD-0F9099B5589E}"
EndProject
Project("{FAE04EC0-301F-11D3-BF4B-00C04F79EFBC}") = "FileAndFolder", "FileAndFolder\FileAndFolder.csproj", "{74B7F1CF-EE2F-4788-8650-B117B5D04302}"
EndProject
Project("{2150E333-8FDC-42A3-9474-1A3956D46DE8}") = "基础与进阶", "基础与进阶", "{8EBEAE06-D18A-47EC-B247-6649F78F3626}"
EndProject
Project("{FAE04EC0-301F-11D3-BF4B-00C04F79EFBC}") = "ConsoleApplication1", "ConsoleApplication1\ConsoleApplication1.csproj", "{FD225984-8E32-44B9-BD6E-360435BE7826}"
EndProject
Project("{FAE04EC0-301F-11D3-BF4B-00C04F79EFBC}") = "ClassLibrary1", "ClassLibrary1\ClassLibrary1.csproj", "{43C240A7-7C08-4D6B-8A5C-0E72820A4A50}"
EndProject
Global
	GlobalSection(SolutionConfigurationPlatforms) = preSolution
		Debug|Any CPU = Debug|Any CPU
		Release|Any CPU = Release|Any CPU
	EndGlobalSection
	GlobalSection(ProjectConfigurationPlatforms) = postSolution
		{5BC4D37E-2D1E-461F-B5A1-86767AF31FAD}.Debug|Any CPU.ActiveCfg = Debug|Any CPU
		{5BC4D37E-2D1E-461F-B5A1-86767AF31FAD}.Debug|Any CPU.Build.0 = Debug|Any CPU
		{5BC4D37E-2D1E-461F-B5A1-86767AF31FAD}.Release|Any CPU.ActiveCfg = Release|Any CPU
		{5BC4D37E-2D1E-461F-B5A1-86767AF31FAD}.Release|Any CPU.Build.0 = Release|Any CPU
		{D8794EB5-5809-4FE7-8F9A-8A0888921624}.Debug|Any CPU.ActiveCfg = Debug|Any CPU
		{D8794EB5-5809-4FE7-8F9A-8A0888921624}.Debug|Any CPU.Build.0 = Debug|Any CPU
		{D8794EB5-5809-4FE7-8F9A-8A0888921624}.Release|Any CPU.ActiveCfg = Release|Any CPU
		{D8794EB5-5809-4FE7-8F9A-8A0888921624}.Release|Any CPU.Build.0 = Release|Any CPU
		{CD96FA02-DC3B-4C70-817F-2D44D7D4D782}.Debug|Any CPU.ActiveCfg = Debug|Any CPU
		{CD96FA02-DC3B-4C70-817F-2D44D7D4D782}.Debug|Any CPU.Build.0 = Debug|Any CPU
		{CD96FA02-DC3B-4C70-817F-2D44D7D4D782}.Release|Any CPU.ActiveCfg = Release|Any CPU
		{CD96FA02-DC3B-4C70-817F-2D44D7D4D782}.Release|Any CPU.Build.0 = Release|Any CPU
		{74B7F1CF-EE2F-4788-8650-B117B5D04302}.Debug|Any CPU.ActiveCfg = Debug|Any CPU
		{74B7F1CF-EE2F-4788-8650-B117B5D04302}.Debug|Any CPU.Build.0 = Debug|Any CPU
		{74B7F1CF-EE2F-4788-8650-B117B5D04302}.Release|Any CPU.ActiveCfg = Release|Any CPU
		{74B7F1CF-EE2F-4788-8650-B117B5D04302}.Release|Any CPU.Build.0 = Release|Any CPU
		{FD225984-8E32-44B9-BD6E-360435BE7826}.Debug|Any CPU.ActiveCfg = Debug|Any CPU
		{FD225984-8E32-44B9-BD6E-360435BE7826}.Debug|Any CPU.Build.0 = Debug|Any CPU
		{FD225984-8E32-44B9-BD6E-360435BE7826}.Release|Any CPU.ActiveCfg = Release|Any CPU
		{FD225984-8E32-44B9-BD6E-360435BE7826}.Release|Any CPU.Build.0 = Release|Any CPU
		{43C240A7-7C08-4D6B-8A5C-0E72820A4A50}.Debug|Any CPU.ActiveCfg = Debug|Any CPU
		{43C240A7-7C08-4D6B-8A5C-0E72820A4A50}.Debug|Any CPU.Build.0 = Debug|Any CPU
		{43C240A7-7C08-4D6B-8A5C-0E72820A4A50}.Release|Any CPU.ActiveCfg = Release|Any CPU
		{43C240A7-7C08-4D6B-8A5C-0E72820A4A50}.Release|Any CPU.Build.0 = Release|Any CPU
	EndGlobalSection
	GlobalSection(SolutionProperties) = preSolution
		HideSolutionNode = FALSE
	EndGlobalSection
	GlobalSection(NestedProjects) = preSolution
		{5BC4D37E-2D1E-461F-B5A1-86767AF31FAD} = {C23B6064-06EC-4CD4-8498-8D9BCB9709B4}
		{D8794EB5-5809-4FE7-8F9A-8A0888921624} = {C23B6064-06EC-4CD4-8498-8D9BCB9709B4}
		{CD96FA02-DC3B-4C70-817F-2D44D7D4D782} = {622DA704-F015-41BB-AE08-BA5EA78EDA45}
		{74B7F1CF-EE2F-4788-8650-B117B5D04302} = {01205E23-845D-41DF-B7BD-0F9099B5589E}
		{FD225984-8E32-44B9-BD6E-360435BE7826} = {8EBEAE06-D18A-47EC-B247-6649F78F3626}
		{43C240A7-7C08-4D6B-8A5C-0E72820A4A50} = {8EBEAE06-D18A-47EC-B247-6649F78F3626}
	EndGlobalSection
	GlobalSection(ExtensibilityGlobals) = postSolution
		SolutionGuid = {5CFEE2EE-95C5-409D-AF8D-281BEC811E6B}
	EndGlobalSection
EndGlobal
